
Microsoft Visual Studio Solution File, Format Version 12.00
# Visual Studio Version 17
VisualStudioVersion = 17.0.31903.59
MinimumVisualStudioVersion = 10.0.40219.1
Project("{FAE04EC0-301F-11D3-BF4B-00C04F79EFBC}") = "Calendar.Shared", "Calendar.Shared\Calendar.Shared.csproj", "{0E889FC8-7E34-445B-A8DD-A9EB498EDAD6}"
EndProject
Project("{FAE04EC0-301F-11D3-BF4B-00C04F79EFBC}") = "Calendar.Server", "Calendar.Server\Calendar.Server.csproj", "{5A917C63-5533-4565-9B4C-B46CFE2439BD}"
EndProject
Project("{FAE04EC0-301F-11D3-BF4B-00C04F79EFBC}") = "Calendar.Client", "Calendar.Client\Calendar.Client.csproj", "{3B0501BD-72A9-4288-9CC3-C437FC31CD6F}"
EndProject
Project("{FAE04EC0-301F-11D3-BF4B-00C04F79EFBC}") = "Calendar.Client.Tests", "Calendar.Client.Tests\Calendar.Client.Tests.csproj", "{5EA51571-9143-461D-8210-41C2F8510360}"
EndProject
Project("{FAE04EC0-301F-11D3-BF4B-00C04F79EFBC}") = "Calendar.Server.Tests", "Calendar.Server.Tests\Calendar.Server.Tests.csproj", "{ACB83A19-2407-4920-9BB4-8094AB7A2AA0}"
EndProject
Global
	GlobalSection(SolutionConfigurationPlatforms) = preSolution
		Debug|Any CPU = Debug|Any CPU
		Debug|x64 = Debug|x64
		Debug|x86 = Debug|x86
		Release|Any CPU = Release|Any CPU
		Release|x64 = Release|x64
		Release|x86 = Release|x86
	EndGlobalSection
	GlobalSection(ProjectConfigurationPlatforms) = postSolution
		{0E889FC8-7E34-445B-A8DD-A9EB498EDAD6}.Debug|Any CPU.ActiveCfg = Debug|Any CPU
		{0E889FC8-7E34-445B-A8DD-A9EB498EDAD6}.Debug|Any CPU.Build.0 = Debug|Any CPU
		{0E889FC8-7E34-445B-A8DD-A9EB498EDAD6}.Debug|x64.ActiveCfg = Debug|Any CPU
		{0E889FC8-7E34-445B-A8DD-A9EB498EDAD6}.Debug|x64.Build.0 = Debug|Any CPU
		{0E889FC8-7E34-445B-A8DD-A9EB498EDAD6}.Debug|x86.ActiveCfg = Debug|Any CPU
		{0E889FC8-7E34-445B-A8DD-A9EB498EDAD6}.Debug|x86.Build.0 = Debug|Any CPU
		{0E889FC8-7E34-445B-A8DD-A9EB498EDAD6}.Release|Any CPU.ActiveCfg = Release|Any CPU
		{0E889FC8-7E34-445B-A8DD-A9EB498EDAD6}.Release|Any CPU.Build.0 = Release|Any CPU
		{0E889FC8-7E34-445B-A8DD-A9EB498EDAD6}.Release|x64.ActiveCfg = Release|Any CPU
		{0E889FC8-7E34-445B-A8DD-A9EB498EDAD6}.Release|x64.Build.0 = Release|Any CPU
		{0E889FC8-7E34-445B-A8DD-A9EB498EDAD6}.Release|x86.ActiveCfg = Release|Any CPU
		{0E889FC8-7E34-445B-A8DD-A9EB498EDAD6}.Release|x86.Build.0 = Release|Any CPU
		{5A917C63-5533-4565-9B4C-B46CFE2439BD}.Debug|Any CPU.ActiveCfg = Debug|Any CPU
		{5A917C63-5533-4565-9B4C-B46CFE2439BD}.Debug|Any CPU.Build.0 = Debug|Any CPU
		{5A917C63-5533-4565-9B4C-B46CFE2439BD}.Debug|x64.ActiveCfg = Debug|Any CPU
		{5A917C63-5533-4565-9B4C-B46CFE2439BD}.Debug|x64.Build.0 = Debug|Any CPU
		{5A917C63-5533-4565-9B4C-B46CFE2439BD}.Debug|x86.ActiveCfg = Debug|Any CPU
		{5A917C63-5533-4565-9B4C-B46CFE2439BD}.Debug|x86.Build.0 = Debug|Any CPU
		{5A917C63-5533-4565-9B4C-B46CFE2439BD}.Release|Any CPU.ActiveCfg = Release|Any CPU
		{5A917C63-5533-4565-9B4C-B46CFE2439BD}.Release|Any CPU.Build.0 = Release|Any CPU
		{5A917C63-5533-4565-9B4C-B46CFE2439BD}.Release|x64.ActiveCfg = Release|Any CPU
		{5A917C63-5533-4565-9B4C-B46CFE2439BD}.Release|x64.Build.0 = Release|Any CPU
		{5A917C63-5533-4565-9B4C-B46CFE2439BD}.Release|x86.ActiveCfg = Release|Any CPU
		{5A917C63-5533-4565-9B4C-B46CFE2439BD}.Release|x86.Build.0 = Release|Any CPU
		{3B0501BD-72A9-4288-9CC3-C437FC31CD6F}.Debug|Any CPU.ActiveCfg = Debug|Any CPU
		{3B0501BD-72A9-4288-9CC3-C437FC31CD6F}.Debug|Any CPU.Build.0 = Debug|Any CPU
		{3B0501BD-72A9-4288-9CC3-C437FC31CD6F}.Debug|x64.ActiveCfg = Debug|Any CPU
		{3B0501BD-72A9-4288-9CC3-C437FC31CD6F}.Debug|x64.Build.0 = Debug|Any CPU
		{3B0501BD-72A9-4288-9CC3-C437FC31CD6F}.Debug|x86.ActiveCfg = Debug|Any CPU
		{3B0501BD-72A9-4288-9CC3-C437FC31CD6F}.Debug|x86.Build.0 = Debug|Any CPU
		{3B0501BD-72A9-4288-9CC3-C437FC31CD6F}.Release|Any CPU.ActiveCfg = Release|Any CPU
		{3B0501BD-72A9-4288-9CC3-C437FC31CD6F}.Release|Any CPU.Build.0 = Release|Any CPU
		{3B0501BD-72A9-4288-9CC3-C437FC31CD6F}.Release|x64.ActiveCfg = Release|Any CPU
		{3B0501BD-72A9-4288-9CC3-C437FC31CD6F}.Release|x64.Build.0 = Release|Any CPU
		{3B0501BD-72A9-4288-9CC3-C437FC31CD6F}.Release|x86.ActiveCfg = Release|Any CPU
		{3B0501BD-72A9-4288-9CC3-C437FC31CD6F}.Release|x86.Build.0 = Release|Any CPU
		{5EA51571-9143-461D-8210-41C2F8510360}.Debug|Any CPU.ActiveCfg = Debug|Any CPU
		{5EA51571-9143-461D-8210-41C2F8510360}.Debug|Any CPU.Build.0 = Debug|Any CPU
		{5EA51571-9143-461D-8210-41C2F8510360}.Debug|x64.ActiveCfg = Debug|Any CPU
		{5EA51571-9143-461D-8210-41C2F8510360}.Debug|x64.Build.0 = Debug|Any CPU
		{5EA51571-9143-461D-8210-41C2F8510360}.Debug|x86.ActiveCfg = Debug|Any CPU
		{5EA51571-9143-461D-8210-41C2F8510360}.Debug|x86.Build.0 = Debug|Any CPU
		{5EA51571-9143-461D-8210-41C2F8510360}.Release|Any CPU.ActiveCfg = Release|Any CPU
		{5EA51571-9143-461D-8210-41C2F8510360}.Release|Any CPU.Build.0 = Release|Any CPU
		{5EA51571-9143-461D-8210-41C2F8510360}.Release|x64.ActiveCfg = Release|Any CPU
		{5EA51571-9143-461D-8210-41C2F8510360}.Release|x64.Build.0 = Release|Any CPU
		{5EA51571-9143-461D-8210-41C2F8510360}.Release|x86.ActiveCfg = Release|Any CPU
		{5EA51571-9143-461D-8210-41C2F8510360}.Release|x86.Build.0 = Release|Any CPU
		{ACB83A19-2407-4920-9BB4-8094AB7A2AA0}.Debug|Any CPU.ActiveCfg = Debug|Any CPU
		{ACB83A19-2407-4920-9BB4-8094AB7A2AA0}.Debug|Any CPU.Build.0 = Debug|Any CPU
		{ACB83A19-2407-4920-9BB4-8094AB7A2AA0}.Debug|x64.ActiveCfg = Debug|Any CPU
		{ACB83A19-2407-4920-9BB4-8094AB7A2AA0}.Debug|x64.Build.0 = Debug|Any CPU
		{ACB83A19-2407-4920-9BB4-8094AB7A2AA0}.Debug|x86.ActiveCfg = Debug|Any CPU
		{ACB83A19-2407-4920-9BB4-8094AB7A2AA0}.Debug|x86.Build.0 = Debug|Any CPU
		{ACB83A19-2407-4920-9BB4-8094AB7A2AA0}.Release|Any CPU.ActiveCfg = Release|Any CPU
		{ACB83A19-2407-4920-9BB4-8094AB7A2AA0}.Release|Any CPU.Build.0 = Release|Any CPU
		{ACB83A19-2407-4920-9BB4-8094AB7A2AA0}.Release|x64.ActiveCfg = Release|Any CPU
		{ACB83A19-2407-4920-9BB4-8094AB7A2AA0}.Release|x64.Build.0 = Release|Any CPU
		{ACB83A19-2407-4920-9BB4-8094AB7A2AA0}.Release|x86.ActiveCfg = Release|Any CPU
		{ACB83A19-2407-4920-9BB4-8094AB7A2AA0}.Release|x86.Build.0 = Release|Any CPU
	EndGlobalSection
	GlobalSection(SolutionProperties) = preSolution
		HideSolutionNode = FALSE
	EndGlobalSection
EndGlobal
